
Microsoft Visual Studio Solution File, Format Version 12.00
# Visual Studio Version 17
VisualStudioVersion = 17.7.34024.191
MinimumVisualStudioVersion = 10.0.40219.1
Project("{FAE04EC0-301F-11D3-BF4B-00C04F79EFBC}") = "MyLibraryManegmentApp", "MyLibraryManegmentApp\MyLibraryManegmentApp.csproj", "{E857409C-E145-494D-8879-7E864CF16C23}"
EndProject
Global
	GlobalSection(SolutionConfigurationPlatforms) = preSolution
		Debug|Any CPU = Debug|Any CPU
		Release|Any CPU = Release|Any CPU
	EndGlobalSection
	GlobalSection(ProjectConfigurationPlatforms) = postSolution
		{E857409C-E145-494D-8879-7E864CF16C23}.Debug|Any CPU.ActiveCfg = Debug|Any CPU
		{E857409C-E145-494D-8879-7E864CF16C23}.Debug|Any CPU.Build.0 = Debug|Any CPU
		{E857409C-E145-494D-8879-7E864CF16C23}.Release|Any CPU.ActiveCfg = Release|Any CPU
		{E857409C-E145-494D-8879-7E864CF16C23}.Release|Any CPU.Build.0 = Release|Any CPU
	EndGlobalSection
	GlobalSection(SolutionProperties) = preSolution
		HideSolutionNode = FALSE
	EndGlobalSection
	GlobalSection(ExtensibilityGlobals) = postSolution
		SolutionGuid = {893CE7B1-06EB-4750-A2CE-F10A7BD15BEB}
	EndGlobalSection
EndGlobal
